
Microsoft Visual Studio Solution File, Format Version 12.00
# Visual Studio Version 16
VisualStudioVersion = 16.0.31410.357
MinimumVisualStudioVersion = 10.0.40219.1
Project("{FAE04EC0-301F-11D3-BF4B-00C04F79EFBC}") = "jtcBarcode.Android", "jtcBarcode\jtcBarcode.Android\jtcBarcode.Android.csproj", "{8BCA2DCF-30C0-4B96-A94C-DFBA58E4EAFA}"
EndProject
Project("{FAE04EC0-301F-11D3-BF4B-00C04F79EFBC}") = "jtcBarcode.iOS", "jtcBarcode\jtcBarcode.iOS\jtcBarcode.iOS.csproj", "{97ADC67E-9BCA-47A0-B78E-CB6059E22D54}"
EndProject
Project("{FAE04EC0-301F-11D3-BF4B-00C04F79EFBC}") = "jtcBarcode", "jtcBarcode\jtcBarcode\jtcBarcode.csproj", "{24081E30-1EA7-423C-A544-1E96DF1B0DE7}"
EndProject
Global
	GlobalSection(SolutionConfigurationPlatforms) = preSolution
		Debug|Any CPU = Debug|Any CPU
		Debug|iPhone = Debug|iPhone
		Debug|iPhoneSimulator = Debug|iPhoneSimulator
		Release|Any CPU = Release|Any CPU
		Release|iPhone = Release|iPhone
		Release|iPhoneSimulator = Release|iPhoneSimulator
	EndGlobalSection
	GlobalSection(ProjectConfigurationPlatforms) = postSolution
		{8BCA2DCF-30C0-4B96-A94C-DFBA58E4EAFA}.Debug|Any CPU.ActiveCfg = Debug|Any CPU
		{8BCA2DCF-30C0-4B96-A94C-DFBA58E4EAFA}.Debug|Any CPU.Build.0 = Debug|Any CPU
		{8BCA2DCF-30C0-4B96-A94C-DFBA58E4EAFA}.Debug|Any CPU.Deploy.0 = Debug|Any CPU
		{8BCA2DCF-30C0-4B96-A94C-DFBA58E4EAFA}.Debug|iPhone.ActiveCfg = Debug|Any CPU
		{8BCA2DCF-30C0-4B96-A94C-DFBA58E4EAFA}.Debug|iPhone.Build.0 = Debug|Any CPU
		{8BCA2DCF-30C0-4B96-A94C-DFBA58E4EAFA}.Debug|iPhone.Deploy.0 = Debug|Any CPU
		{8BCA2DCF-30C0-4B96-A94C-DFBA58E4EAFA}.Debug|iPhoneSimulator.ActiveCfg = Debug|Any CPU
		{8BCA2DCF-30C0-4B96-A94C-DFBA58E4EAFA}.Debug|iPhoneSimulator.Build.0 = Debug|Any CPU
		{8BCA2DCF-30C0-4B96-A94C-DFBA58E4EAFA}.Debug|iPhoneSimulator.Deploy.0 = Debug|Any CPU
		{8BCA2DCF-30C0-4B96-A94C-DFBA58E4EAFA}.Release|Any CPU.ActiveCfg = Release|Any CPU
		{8BCA2DCF-30C0-4B96-A94C-DFBA58E4EAFA}.Release|Any CPU.Build.0 = Release|Any CPU
		{8BCA2DCF-30C0-4B96-A94C-DFBA58E4EAFA}.Release|Any CPU.Deploy.0 = Release|Any CPU
		{8BCA2DCF-30C0-4B96-A94C-DFBA58E4EAFA}.Release|iPhone.ActiveCfg = Release|Any CPU
		{8BCA2DCF-30C0-4B96-A94C-DFBA58E4EAFA}.Release|iPhone.Build.0 = Release|Any CPU
		{8BCA2DCF-30C0-4B96-A94C-DFBA58E4EAFA}.Release|iPhone.Deploy.0 = Release|Any CPU
		{8BCA2DCF-30C0-4B96-A94C-DFBA58E4EAFA}.Release|iPhoneSimulator.ActiveCfg = Release|Any CPU
		{8BCA2DCF-30C0-4B96-A94C-DFBA58E4EAFA}.Release|iPhoneSimulator.Build.0 = Release|Any CPU
		{8BCA2DCF-30C0-4B96-A94C-DFBA58E4EAFA}.Release|iPhoneSimulator.Deploy.0 = Release|Any CPU
		{97ADC67E-9BCA-47A0-B78E-CB6059E22D54}.Debug|Any CPU.ActiveCfg = Debug|iPhone
		{97ADC67E-9BCA-47A0-B78E-CB6059E22D54}.Debug|Any CPU.Build.0 = Debug|iPhone
		{97ADC67E-9BCA-47A0-B78E-CB6059E22D54}.Debug|Any CPU.Deploy.0 = Debug|iPhone
		{97ADC67E-9BCA-47A0-B78E-CB6059E22D54}.Debug|iPhone.ActiveCfg = Debug|iPhone
		{97ADC67E-9BCA-47A0-B78E-CB6059E22D54}.Debug|iPhone.Build.0 = Debug|iPhone
		{97ADC67E-9BCA-47A0-B78E-CB6059E22D54}.Debug|iPhone.Deploy.0 = Debug|iPhone
		{97ADC67E-9BCA-47A0-B78E-CB6059E22D54}.Debug|iPhoneSimulator.ActiveCfg = Debug|iPhoneSimulator
		{97ADC67E-9BCA-47A0-B78E-CB6059E22D54}.Debug|iPhoneSimulator.Build.0 = Debug|iPhoneSimulator
		{97ADC67E-9BCA-47A0-B78E-CB6059E22D54}.Debug|iPhoneSimulator.Deploy.0 = Debug|iPhoneSimulator
		{97ADC67E-9BCA-47A0-B78E-CB6059E22D54}.Release|Any CPU.ActiveCfg = Release|iPhoneSimulator
		{97ADC67E-9BCA-47A0-B78E-CB6059E22D54}.Release|Any CPU.Build.0 = Release|iPhoneSimulator
		{97ADC67E-9BCA-47A0-B78E-CB6059E22D54}.Release|Any CPU.Deploy.0 = Release|iPhoneSimulator
		{97ADC67E-9BCA-47A0-B78E-CB6059E22D54}.Release|iPhone.ActiveCfg = Release|iPhone
		{97ADC67E-9BCA-47A0-B78E-CB6059E22D54}.Release|iPhone.Build.0 = Release|iPhone
		{97ADC67E-9BCA-47A0-B78E-CB6059E22D54}.Release|iPhone.Deploy.0 = Release|iPhone
		{97ADC67E-9BCA-47A0-B78E-CB6059E22D54}.Release|iPhoneSimulator.ActiveCfg = Release|iPhoneSimulator
		{97ADC67E-9BCA-47A0-B78E-CB6059E22D54}.Release|iPhoneSimulator.Build.0 = Release|iPhoneSimulator
		{97ADC67E-9BCA-47A0-B78E-CB6059E22D54}.Release|iPhoneSimulator.Deploy.0 = Release|iPhoneSimulator
		{24081E30-1EA7-423C-A544-1E96DF1B0DE7}.Debug|Any CPU.ActiveCfg = Debug|Any CPU
		{24081E30-1EA7-423C-A544-1E96DF1B0DE7}.Debug|Any CPU.Build.0 = Debug|Any CPU
		{24081E30-1EA7-423C-A544-1E96DF1B0DE7}.Debug|Any CPU.Deploy.0 = Debug|Any CPU
		{24081E30-1EA7-423C-A544-1E96DF1B0DE7}.Debug|iPhone.ActiveCfg = Debug|Any CPU
		{24081E30-1EA7-423C-A544-1E96DF1B0DE7}.Debug|iPhone.Build.0 = Debug|Any CPU
		{24081E30-1EA7-423C-A544-1E96DF1B0DE7}.Debug|iPhone.Deploy.0 = Debug|Any CPU
		{24081E30-1EA7-423C-A544-1E96DF1B0DE7}.Debug|iPhoneSimulator.ActiveCfg = Debug|Any CPU
		{24081E30-1EA7-423C-A544-1E96DF1B0DE7}.Debug|iPhoneSimulator.Build.0 = Debug|Any CPU
		{24081E30-1EA7-423C-A544-1E96DF1B0DE7}.Debug|iPhoneSimulator.Deploy.0 = Debug|Any CPU
		{24081E30-1EA7-423C-A544-1E96DF1B0DE7}.Release|Any CPU.ActiveCfg = Release|Any CPU
		{24081E30-1EA7-423C-A544-1E96DF1B0DE7}.Release|Any CPU.Build.0 = Release|Any CPU
		{24081E30-1EA7-423C-A544-1E96DF1B0DE7}.Release|Any CPU.Deploy.0 = Release|Any CPU
		{24081E30-1EA7-423C-A544-1E96DF1B0DE7}.Release|iPhone.ActiveCfg = Release|Any CPU
		{24081E30-1EA7-423C-A544-1E96DF1B0DE7}.Release|iPhone.Build.0 = Release|Any CPU
		{24081E30-1EA7-423C-A544-1E96DF1B0DE7}.Release|iPhone.Deploy.0 = Release|Any CPU
		{24081E30-1EA7-423C-A544-1E96DF1B0DE7}.Release|iPhoneSimulator.ActiveCfg = Release|Any CPU
		{24081E30-1EA7-423C-A544-1E96DF1B0DE7}.Release|iPhoneSimulator.Build.0 = Release|Any CPU
		{24081E30-1EA7-423C-A544-1E96DF1B0DE7}.Release|iPhoneSimulator.Deploy.0 = Release|Any CPU
	EndGlobalSection
	GlobalSection(SolutionProperties) = preSolution
		HideSolutionNode = FALSE
	EndGlobalSection
	GlobalSection(ExtensibilityGlobals) = postSolution
		SolutionGuid = {61E7B051-EA88-4FB2-802E-6A7733A71323}
	EndGlobalSection
EndGlobal
